
Microsoft Visual Studio Solution File, Format Version 12.00
# Visual Studio Version 17
VisualStudioVersion = 17.10.35122.118
MinimumVisualStudioVersion = 10.0.40219.1
Project("{FAE04EC0-301F-11D3-BF4B-00C04F79EFBC}") = "OnkelMato.ServiceRegistrations", "OnkelMato.ServiceRegistrations\OnkelMato.ServiceRegistrations.csproj", "{6B028DB8-DF1F-4290-A943-1F03A8CABE55}"
EndProject
Global
	GlobalSection(SolutionConfigurationPlatforms) = preSolution
		Debug|Any CPU = Debug|Any CPU
		Release|Any CPU = Release|Any CPU
	EndGlobalSection
	GlobalSection(ProjectConfigurationPlatforms) = postSolution
		{6B028DB8-DF1F-4290-A943-1F03A8CABE55}.Debug|Any CPU.ActiveCfg = Debug|Any CPU
		{6B028DB8-DF1F-4290-A943-1F03A8CABE55}.Debug|Any CPU.Build.0 = Debug|Any CPU
		{6B028DB8-DF1F-4290-A943-1F03A8CABE55}.Release|Any CPU.ActiveCfg = Release|Any CPU
		{6B028DB8-DF1F-4290-A943-1F03A8CABE55}.Release|Any CPU.Build.0 = Release|Any CPU
	EndGlobalSection
	GlobalSection(SolutionProperties) = preSolution
		HideSolutionNode = FALSE
	EndGlobalSection
	GlobalSection(ExtensibilityGlobals) = postSolution
		SolutionGuid = {B6C17801-F9B4-463F-B36A-29C5E7C5C465}
	EndGlobalSection
EndGlobal
